
Microsoft Visual Studio Solution File, Format Version 12.00
# Visual Studio 15
VisualStudioVersion = 15.0.27130.2010
MinimumVisualStudioVersion = 10.0.40219.1
Project("{FAE04EC0-301F-11D3-BF4B-00C04F79EFBC}") = "SumofDigits", "SumofDigits\SumofDigits.csproj", "{2862BD6B-7CCB-4DC5-86AF-4925812F2422}"
EndProject
Project("{FAE04EC0-301F-11D3-BF4B-00C04F79EFBC}") = "SumofDigitsTest", "SumofDigitsTest\SumofDigitsTest.csproj", "{4DCFD3B2-98AF-4D97-B8EB-1214BF619975}"
EndProject
Global
	GlobalSection(SolutionConfigurationPlatforms) = preSolution
		Debug|Any CPU = Debug|Any CPU
		Release|Any CPU = Release|Any CPU
	EndGlobalSection
	GlobalSection(ProjectConfigurationPlatforms) = postSolution
		{2862BD6B-7CCB-4DC5-86AF-4925812F2422}.Debug|Any CPU.ActiveCfg = Debug|Any CPU
		{2862BD6B-7CCB-4DC5-86AF-4925812F2422}.Debug|Any CPU.Build.0 = Debug|Any CPU
		{2862BD6B-7CCB-4DC5-86AF-4925812F2422}.Release|Any CPU.ActiveCfg = Release|Any CPU
		{2862BD6B-7CCB-4DC5-86AF-4925812F2422}.Release|Any CPU.Build.0 = Release|Any CPU
		{4DCFD3B2-98AF-4D97-B8EB-1214BF619975}.Debug|Any CPU.ActiveCfg = Debug|Any CPU
		{4DCFD3B2-98AF-4D97-B8EB-1214BF619975}.Debug|Any CPU.Build.0 = Debug|Any CPU
		{4DCFD3B2-98AF-4D97-B8EB-1214BF619975}.Release|Any CPU.ActiveCfg = Release|Any CPU
		{4DCFD3B2-98AF-4D97-B8EB-1214BF619975}.Release|Any CPU.Build.0 = Release|Any CPU
	EndGlobalSection
	GlobalSection(SolutionProperties) = preSolution
		HideSolutionNode = FALSE
	EndGlobalSection
	GlobalSection(ExtensibilityGlobals) = postSolution
		SolutionGuid = {59E2AE79-343B-4ED0-821F-6AC63F0A14CA}
	EndGlobalSection
EndGlobal
