
Microsoft Visual Studio Solution File, Format Version 12.00
# Visual Studio 15
VisualStudioVersion = 15.0.27130.2010
MinimumVisualStudioVersion = 10.0.40219.1
Project("{FAE04EC0-301F-11D3-BF4B-00C04F79EFBC}") = "OnlyOne", "OnlyOne\OnlyOne.csproj", "{2F975EDA-FA37-441B-9C91-923204FF1972}"
EndProject
Project("{FAE04EC0-301F-11D3-BF4B-00C04F79EFBC}") = "OnlyOneTest", "OnlyOneTest\OnlyOneTest.csproj", "{A3AEFBD1-558F-4A23-A024-88FF0D0FD308}"
EndProject
Global
	GlobalSection(SolutionConfigurationPlatforms) = preSolution
		Debug|Any CPU = Debug|Any CPU
		Release|Any CPU = Release|Any CPU
	EndGlobalSection
	GlobalSection(ProjectConfigurationPlatforms) = postSolution
		{2F975EDA-FA37-441B-9C91-923204FF1972}.Debug|Any CPU.ActiveCfg = Debug|Any CPU
		{2F975EDA-FA37-441B-9C91-923204FF1972}.Debug|Any CPU.Build.0 = Debug|Any CPU
		{2F975EDA-FA37-441B-9C91-923204FF1972}.Release|Any CPU.ActiveCfg = Release|Any CPU
		{2F975EDA-FA37-441B-9C91-923204FF1972}.Release|Any CPU.Build.0 = Release|Any CPU
		{A3AEFBD1-558F-4A23-A024-88FF0D0FD308}.Debug|Any CPU.ActiveCfg = Debug|Any CPU
		{A3AEFBD1-558F-4A23-A024-88FF0D0FD308}.Debug|Any CPU.Build.0 = Debug|Any CPU
		{A3AEFBD1-558F-4A23-A024-88FF0D0FD308}.Release|Any CPU.ActiveCfg = Release|Any CPU
		{A3AEFBD1-558F-4A23-A024-88FF0D0FD308}.Release|Any CPU.Build.0 = Release|Any CPU
	EndGlobalSection
	GlobalSection(SolutionProperties) = preSolution
		HideSolutionNode = FALSE
	EndGlobalSection
	GlobalSection(ExtensibilityGlobals) = postSolution
		SolutionGuid = {5887A7D9-6A59-4B36-BE88-437377B69B85}
	EndGlobalSection
EndGlobal
